// !$*UTF8*$!
{
	archiveVersion = 1;
	classes = {
	};
	objectVersion = 56;
	objects = {

/* Begin PBXBuildFile section */
		FEFB72A72C469D71006552C1 /* AppDelegate.swift in Sources */ = {isa = PBXBuildFile; fileRef = FEFB72A62C469D71006552C1 /* AppDelegate.swift */; };
		FEFB72A92C469D71006552C1 /* SceneDelegate.swift in Sources */ = {isa = PBXBuildFile; fileRef = FEFB72A82C469D71006552C1 /* SceneDelegate.swift */; };
		FEFB72AB2C469D71006552C1 /* PhenomenonViewController.swift in Sources */ = {isa = PBXBuildFile; fileRef = FEFB72AA2C469D71006552C1 /* PhenomenonViewController.swift */; };
		FEFB72B02C469D73006552C1 /* Assets.xcassets in Resources */ = {isa = PBXBuildFile; fileRef = FEFB72AF2C469D73006552C1 /* Assets.xcassets */; };
		FEFB72BE2C46A1B4006552C1 /* BaseCoordinator.swift in Sources */ = {isa = PBXBuildFile; fileRef = FEFB72BD2C46A1B4006552C1 /* BaseCoordinator.swift */; };
		FEFB72C02C46A1BF006552C1 /* AppCoordinator.swift in Sources */ = {isa = PBXBuildFile; fileRef = FEFB72BF2C46A1BF006552C1 /* AppCoordinator.swift */; };
		FEFB72C22C46A258006552C1 /* MainCoordinator.swift in Sources */ = {isa = PBXBuildFile; fileRef = FEFB72C12C46A258006552C1 /* MainCoordinator.swift */; };
		FEFB72C42C46AA0A006552C1 /* MokData.swift in Sources */ = {isa = PBXBuildFile; fileRef = FEFB72C32C46AA0A006552C1 /* MokData.swift */; };
		FEFB72C62C46AA31006552C1 /* Typealias.swift in Sources */ = {isa = PBXBuildFile; fileRef = FEFB72C52C46AA31006552C1 /* Typealias.swift */; };
		FEFB72C92C46AABB006552C1 /* PhenomenonModel.swift in Sources */ = {isa = PBXBuildFile; fileRef = FEFB72C82C46AABB006552C1 /* PhenomenonModel.swift */; };
		FEFB72CB2C46AC0A006552C1 /* PhenomenonPresenter.swift in Sources */ = {isa = PBXBuildFile; fileRef = FEFB72CA2C46AC0A006552C1 /* PhenomenonPresenter.swift */; };
		FEFB72CD2C46AC18006552C1 /* PhenomenonBuilder.swift in Sources */ = {isa = PBXBuildFile; fileRef = FEFB72CC2C46AC18006552C1 /* PhenomenonBuilder.swift */; };
/* End PBXBuildFile section */

/* Begin PBXFileReference section */
		FEFB72A32C469D71006552C1 /* Phenomenon.app */ = {isa = PBXFileReference; explicitFileType = wrapper.application; includeInIndex = 0; path = Phenomenon.app; sourceTree = BUILT_PRODUCTS_DIR; };
		FEFB72A62C469D71006552C1 /* AppDelegate.swift */ = {isa = PBXFileReference; lastKnownFileType = sourcecode.swift; path = AppDelegate.swift; sourceTree = "<group>"; };
		FEFB72A82C469D71006552C1 /* SceneDelegate.swift */ = {isa = PBXFileReference; lastKnownFileType = sourcecode.swift; path = SceneDelegate.swift; sourceTree = "<group>"; };
		FEFB72AA2C469D71006552C1 /* PhenomenonViewController.swift */ = {isa = PBXFileReference; lastKnownFileType = sourcecode.swift; path = PhenomenonViewController.swift; sourceTree = "<group>"; };
		FEFB72AF2C469D73006552C1 /* Assets.xcassets */ = {isa = PBXFileReference; lastKnownFileType = folder.assetcatalog; path = Assets.xcassets; sourceTree = "<group>"; };
		FEFB72B42C469D73006552C1 /* Info.plist */ = {isa = PBXFileReference; lastKnownFileType = text.plist.xml; path = Info.plist; sourceTree = "<group>"; };
		FEFB72BD2C46A1B4006552C1 /* BaseCoordinator.swift */ = {isa = PBXFileReference; lastKnownFileType = sourcecode.swift; path = BaseCoordinator.swift; sourceTree = "<group>"; };
		FEFB72BF2C46A1BF006552C1 /* AppCoordinator.swift */ = {isa = PBXFileReference; lastKnownFileType = sourcecode.swift; path = AppCoordinator.swift; sourceTree = "<group>"; };
		FEFB72C12C46A258006552C1 /* MainCoordinator.swift */ = {isa = PBXFileReference; lastKnownFileType = sourcecode.swift; path = MainCoordinator.swift; sourceTree = "<group>"; };
		FEFB72C32C46AA0A006552C1 /* MokData.swift */ = {isa = PBXFileReference; lastKnownFileType = sourcecode.swift; path = MokData.swift; sourceTree = "<group>"; };
		FEFB72C52C46AA31006552C1 /* Typealias.swift */ = {isa = PBXFileReference; lastKnownFileType = sourcecode.swift; path = Typealias.swift; sourceTree = "<group>"; };
		FEFB72C82C46AABB006552C1 /* PhenomenonModel.swift */ = {isa = PBXFileReference; lastKnownFileType = sourcecode.swift; path = PhenomenonModel.swift; sourceTree = "<group>"; };
		FEFB72CA2C46AC0A006552C1 /* PhenomenonPresenter.swift */ = {isa = PBXFileReference; lastKnownFileType = sourcecode.swift; path = PhenomenonPresenter.swift; sourceTree = "<group>"; };
		FEFB72CC2C46AC18006552C1 /* PhenomenonBuilder.swift */ = {isa = PBXFileReference; lastKnownFileType = sourcecode.swift; path = PhenomenonBuilder.swift; sourceTree = "<group>"; };
/* End PBXFileReference section */

/* Begin PBXFrameworksBuildPhase section */
		FEFB72A02C469D71006552C1 /* Frameworks */ = {
			isa = PBXFrameworksBuildPhase;
			buildActionMask = 2147483647;
			files = (
			);
			runOnlyForDeploymentPostprocessing = 0;
		};
/* End PBXFrameworksBuildPhase section */

/* Begin PBXGroup section */
		FEFB729A2C469D71006552C1 = {
			isa = PBXGroup;
			children = (
				FEFB72A52C469D71006552C1 /* Phenomenon */,
				FEFB72A42C469D71006552C1 /* Products */,
			);
			sourceTree = "<group>";
		};
		FEFB72A42C469D71006552C1 /* Products */ = {
			isa = PBXGroup;
			children = (
				FEFB72A32C469D71006552C1 /* Phenomenon.app */,
			);
			name = Products;
			sourceTree = "<group>";
		};
		FEFB72A52C469D71006552C1 /* Phenomenon */ = {
			isa = PBXGroup;
			children = (
				FEFB72C72C46AA3F006552C1 /* Support */,
				FEFB72BB2C46A191006552C1 /* NavigationLayer */,
				FEFB72BC2C46A19E006552C1 /* Application */,
				FEFB72BA2C46A181006552C1 /* ScreenPhenomenon */,
				FEFB72AF2C469D73006552C1 /* Assets.xcassets */,
				FEFB72B42C469D73006552C1 /* Info.plist */,
			);
			path = Phenomenon;
			sourceTree = "<group>";
		};
		FEFB72BA2C46A181006552C1 /* ScreenPhenomenon */ = {
			isa = PBXGroup;
			children = (
				FEFB72AA2C469D71006552C1 /* PhenomenonViewController.swift */,
				FEFB72C82C46AABB006552C1 /* PhenomenonModel.swift */,
				FEFB72CA2C46AC0A006552C1 /* PhenomenonPresenter.swift */,
				FEFB72CC2C46AC18006552C1 /* PhenomenonBuilder.swift */,
			);
			path = ScreenPhenomenon;
			sourceTree = "<group>";
		};
		FEFB72BB2C46A191006552C1 /* NavigationLayer */ = {
			isa = PBXGroup;
			children = (
				FEFB72BD2C46A1B4006552C1 /* BaseCoordinator.swift */,
				FEFB72BF2C46A1BF006552C1 /* AppCoordinator.swift */,
				FEFB72C12C46A258006552C1 /* MainCoordinator.swift */,
			);
			path = NavigationLayer;
			sourceTree = "<group>";
		};
		FEFB72BC2C46A19E006552C1 /* Application */ = {
			isa = PBXGroup;
			children = (
				FEFB72A62C469D71006552C1 /* AppDelegate.swift */,
				FEFB72A82C469D71006552C1 /* SceneDelegate.swift */,
			);
			path = Application;
			sourceTree = "<group>";
		};
		FEFB72C72C46AA3F006552C1 /* Support */ = {
			isa = PBXGroup;
			children = (
				FEFB72C32C46AA0A006552C1 /* MokData.swift */,
				FEFB72C52C46AA31006552C1 /* Typealias.swift */,
			);
			path = Support;
			sourceTree = "<group>";
		};
/* End PBXGroup section */

/* Begin PBXNativeTarget section */
		FEFB72A22C469D71006552C1 /* Phenomenon */ = {
			isa = PBXNativeTarget;
			buildConfigurationList = FEFB72B72C469D73006552C1 /* Build configuration list for PBXNativeTarget "Phenomenon" */;
			buildPhases = (
				FEFB729F2C469D71006552C1 /* Sources */,
				FEFB72A02C469D71006552C1 /* Frameworks */,
				FEFB72A12C469D71006552C1 /* Resources */,
			);
			buildRules = (
			);
			dependencies = (
			);
			name = Phenomenon;
			productName = Phenomenon;
			productReference = FEFB72A32C469D71006552C1 /* Phenomenon.app */;
			productType = "com.apple.product-type.application";
		};
/* End PBXNativeTarget section */

/* Begin PBXProject section */
		FEFB729B2C469D71006552C1 /* Project object */ = {
			isa = PBXProject;
			attributes = {
				BuildIndependentTargetsInParallel = 1;
				LastSwiftUpdateCheck = 1520;
				LastUpgradeCheck = 1520;
				TargetAttributes = {
					FEFB72A22C469D71006552C1 = {
						CreatedOnToolsVersion = 15.2;
					};
				};
			};
			buildConfigurationList = FEFB729E2C469D71006552C1 /* Build configuration list for PBXProject "Phenomenon" */;
			compatibilityVersion = "Xcode 14.0";
			developmentRegion = en;
			hasScannedForEncodings = 0;
			knownRegions = (
				en,
				Base,
			);
			mainGroup = FEFB729A2C469D71006552C1;
			productRefGroup = FEFB72A42C469D71006552C1 /* Products */;
			projectDirPath = "";
			projectRoot = "";
			targets = (
				FEFB72A22C469D71006552C1 /* Phenomenon */,
			);
		};
/* End PBXProject section */

/* Begin PBXResourcesBuildPhase section */
		FEFB72A12C469D71006552C1 /* Resources */ = {
			isa = PBXResourcesBuildPhase;
			buildActionMask = 2147483647;
			files = (
				FEFB72B02C469D73006552C1 /* Assets.xcassets in Resources */,
			);
			runOnlyForDeploymentPostprocessing = 0;
		};
/* End PBXResourcesBuildPhase section */

/* Begin PBXSourcesBuildPhase section */
		FEFB729F2C469D71006552C1 /* Sources */ = {
			isa = PBXSourcesBuildPhase;
			buildActionMask = 2147483647;
			files = (
				FEFB72C42C46AA0A006552C1 /* MokData.swift in Sources */,
				FEFB72AB2C469D71006552C1 /* PhenomenonViewController.swift in Sources */,
				FEFB72C92C46AABB006552C1 /* PhenomenonModel.swift in Sources */,
				FEFB72C22C46A258006552C1 /* MainCoordinator.swift in Sources */,
				FEFB72A72C469D71006552C1 /* AppDelegate.swift in Sources */,
				FEFB72C02C46A1BF006552C1 /* AppCoordinator.swift in Sources */,
				FEFB72A92C469D71006552C1 /* SceneDelegate.swift in Sources */,
				FEFB72C62C46AA31006552C1 /* Typealias.swift in Sources */,
				FEFB72CD2C46AC18006552C1 /* PhenomenonBuilder.swift in Sources */,
				FEFB72BE2C46A1B4006552C1 /* BaseCoordinator.swift in Sources */,
				FEFB72CB2C46AC0A006552C1 /* PhenomenonPresenter.swift in Sources */,
			);
			runOnlyForDeploymentPostprocessing = 0;
		};
/* End PBXSourcesBuildPhase section */

/* Begin XCBuildConfiguration section */
		FEFB72B52C469D73006552C1 /* Debug */ = {
			isa = XCBuildConfiguration;
			buildSettings = {
				ALWAYS_SEARCH_USER_PATHS = NO;
				ASSETCATALOG_COMPILER_GENERATE_SWIFT_ASSET_SYMBOL_EXTENSIONS = YES;
				CLANG_ANALYZER_NONNULL = YES;
				CLANG_ANALYZER_NUMBER_OBJECT_CONVERSION = YES_AGGRESSIVE;
				CLANG_CXX_LANGUAGE_STANDARD = "gnu++20";
				CLANG_ENABLE_MODULES = YES;
				CLANG_ENABLE_OBJC_ARC = YES;
				CLANG_ENABLE_OBJC_WEAK = YES;
				CLANG_WARN_BLOCK_CAPTURE_AUTORELEASING = YES;
				CLANG_WARN_BOOL_CONVERSION = YES;
				CLANG_WARN_COMMA = YES;
				CLANG_WARN_CONSTANT_CONVERSION = YES;
				CLANG_WARN_DEPRECATED_OBJC_IMPLEMENTATIONS = YES;
				CLANG_WARN_DIRECT_OBJC_ISA_USAGE = YES_ERROR;
				CLANG_WARN_DOCUMENTATION_COMMENTS = YES;
				CLANG_WARN_EMPTY_BODY = YES;
				CLANG_WARN_ENUM_CONVERSION = YES;
				CLANG_WARN_INFINITE_RECURSION = YES;
				CLANG_WARN_INT_CONVERSION = YES;
				CLANG_WARN_NON_LITERAL_NULL_CONVERSION = YES;
				CLANG_WARN_OBJC_IMPLICIT_RETAIN_SELF = YES;
				CLANG_WARN_OBJC_LITERAL_CONVERSION = YES;
				CLANG_WARN_OBJC_ROOT_CLASS = YES_ERROR;
				CLANG_WARN_QUOTED_INCLUDE_IN_FRAMEWORK_HEADER = YES;
				CLANG_WARN_RANGE_LOOP_ANALYSIS = YES;
				CLANG_WARN_STRICT_PROTOTYPES = YES;
				CLANG_WARN_SUSPICIOUS_MOVE = YES;
				CLANG_WARN_UNGUARDED_AVAILABILITY = YES_AGGRESSIVE;
				CLANG_WARN_UNREACHABLE_CODE = YES;
				CLANG_WARN__DUPLICATE_METHOD_MATCH = YES;
				COPY_PHASE_STRIP = NO;
				DEBUG_INFORMATION_FORMAT = dwarf;
				ENABLE_STRICT_OBJC_MSGSEND = YES;
				ENABLE_TESTABILITY = YES;
				ENABLE_USER_SCRIPT_SANDBOXING = YES;
				GCC_C_LANGUAGE_STANDARD = gnu17;
				GCC_DYNAMIC_NO_PIC = NO;
				GCC_NO_COMMON_BLOCKS = YES;
				GCC_OPTIMIZATION_LEVEL = 0;
				GCC_PREPROCESSOR_DEFINITIONS = (
					"DEBUG=1",
					"$(inherited)",
				);
				GCC_WARN_64_TO_32_BIT_CONVERSION = YES;
				GCC_WARN_ABOUT_RETURN_TYPE = YES_ERROR;
				GCC_WARN_UNDECLARED_SELECTOR = YES;
				GCC_WARN_UNINITIALIZED_AUTOS = YES_AGGRESSIVE;
				GCC_WARN_UNUSED_FUNCTION = YES;
				GCC_WARN_UNUSED_VARIABLE = YES;
				IPHONEOS_DEPLOYMENT_TARGET = 17.2;
				LOCALIZATION_PREFERS_STRING_CATALOGS = YES;
				MTL_ENABLE_DEBUG_INFO = INCLUDE_SOURCE;
				MTL_FAST_MATH = YES;
				ONLY_ACTIVE_ARCH = YES;
				SDKROOT = iphoneos;
				SWIFT_ACTIVE_COMPILATION_CONDITIONS = "DEBUG $(inherited)";
				SWIFT_OPTIMIZATION_LEVEL = "-Onone";
			};
			name = Debug;
		};
		FEFB72B62C469D73006552C1 /* Release */ = {
			isa = XCBuildConfiguration;
			buildSettings = {
				ALWAYS_SEARCH_USER_PATHS = NO;
				ASSETCATALOG_COMPILER_GENERATE_SWIFT_ASSET_SYMBOL_EXTENSIONS = YES;
				CLANG_ANALYZER_NONNULL = YES;
				CLANG_ANALYZER_NUMBER_OBJECT_CONVERSION = YES_AGGRESSIVE;
				CLANG_CXX_LANGUAGE_STANDARD = "gnu++20";
				CLANG_ENABLE_MODULES = YES;
				CLANG_ENABLE_OBJC_ARC = YES;
				CLANG_ENABLE_OBJC_WEAK = YES;
				CLANG_WARN_BLOCK_CAPTURE_AUTORELEASING = YES;
				CLANG_WARN_BOOL_CONVERSION = YES;
				CLANG_WARN_COMMA = YES;
				CLANG_WARN_CONSTANT_CONVERSION = YES;
				CLANG_WARN_DEPRECATED_OBJC_IMPLEMENTATIONS = YES;
				CLANG_WARN_DIRECT_OBJC_ISA_USAGE = YES_ERROR;
				CLANG_WARN_DOCUMENTATION_COMMENTS = YES;
				CLANG_WARN_EMPTY_BODY = YES;
				CLANG_WARN_ENUM_CONVERSION = YES;
				CLANG_WARN_INFINITE_RECURSION = YES;
				CLANG_WARN_INT_CONVERSION = YES;
				CLANG_WARN_NON_LITERAL_NULL_CONVERSION = YES;
				CLANG_WARN_OBJC_IMPLICIT_RETAIN_SELF = YES;
				CLANG_WARN_OBJC_LITERAL_CONVERSION = YES;
				CLANG_WARN_OBJC_ROOT_CLASS = YES_ERROR;
				CLANG_WARN_QUOTED_INCLUDE_IN_FRAMEWORK_HEADER = YES;
				CLANG_WARN_RANGE_LOOP_ANALYSIS = YES;
				CLANG_WARN_STRICT_PROTOTYPES = YES;
				CLANG_WARN_SUSPICIOUS_MOVE = YES;
				CLANG_WARN_UNGUARDED_AVAILABILITY = YES_AGGRESSIVE;
				CLANG_WARN_UNREACHABLE_CODE = YES;
				CLANG_WARN__DUPLICATE_METHOD_MATCH = YES;
				COPY_PHASE_STRIP = NO;
				DEBUG_INFORMATION_FORMAT = "dwarf-with-dsym";
				ENABLE_NS_ASSERTIONS = NO;
				ENABLE_STRICT_OBJC_MSGSEND = YES;
				ENABLE_USER_SCRIPT_SANDBOXING = YES;
				GCC_C_LANGUAGE_STANDARD = gnu17;
				GCC_NO_COMMON_BLOCKS = YES;
				GCC_WARN_64_TO_32_BIT_CONVERSION = YES;
				GCC_WARN_ABOUT_RETURN_TYPE = YES_ERROR;
				GCC_WARN_UNDECLARED_SELECTOR = YES;
				GCC_WARN_UNINITIALIZED_AUTOS = YES_AGGRESSIVE;
				GCC_WARN_UNUSED_FUNCTION = YES;
				GCC_WARN_UNUSED_VARIABLE = YES;
				IPHONEOS_DEPLOYMENT_TARGET = 17.2;
				LOCALIZATION_PREFERS_STRING_CATALOGS = YES;
				MTL_ENABLE_DEBUG_INFO = NO;
				MTL_FAST_MATH = YES;
				SDKROOT = iphoneos;
				SWIFT_COMPILATION_MODE = wholemodule;
				VALIDATE_PRODUCT = YES;
			};
			name = Release;
		};
		FEFB72B82C469D73006552C1 /* Debug */ = {
			isa = XCBuildConfiguration;
			buildSettings = {
				ASSETCATALOG_COMPILER_APPICON_NAME = AppIcon;
				ASSETCATALOG_COMPILER_GLOBAL_ACCENT_COLOR_NAME = AccentColor;
				CODE_SIGN_STYLE = Automatic;
				CURRENT_PROJECT_VERSION = 1;
				DEVELOPMENT_TEAM = 84HMKC95WY;
				GENERATE_INFOPLIST_FILE = YES;
				INFOPLIST_FILE = Phenomenon/Info.plist;
				INFOPLIST_KEY_UIApplicationSupportsIndirectInputEvents = YES;
				INFOPLIST_KEY_UILaunchStoryboardName = LaunchScreen;
				INFOPLIST_KEY_UISupportedInterfaceOrientations_iPad = "UIInterfaceOrientationPortrait UIInterfaceOrientationPortraitUpsideDown UIInterfaceOrientationLandscapeLeft UIInterfaceOrientationLandscapeRight";
				INFOPLIST_KEY_UISupportedInterfaceOrientations_iPhone = "UIInterfaceOrientationPortrait UIInterfaceOrientationLandscapeLeft UIInterfaceOrientationLandscapeRight";
				LD_RUNPATH_SEARCH_PATHS = (
					"$(inherited)",
					"@executable_path/Frameworks",
				);
				MARKETING_VERSION = 1.0;
				PRODUCT_BUNDLE_IDENTIFIER = Allison.Phenomenon;
				PRODUCT_NAME = "$(TARGET_NAME)";
				SUPPORTED_PLATFORMS = "iphoneos iphonesimulator";
				SUPPORTS_MACCATALYST = NO;
				SUPPORTS_MAC_DESIGNED_FOR_IPHONE_IPAD = NO;
				SUPPORTS_XR_DESIGNED_FOR_IPHONE_IPAD = NO;
				SWIFT_EMIT_LOC_STRINGS = YES;
				SWIFT_VERSION = 5.0;
				TARGETED_DEVICE_FAMILY = 1;
			};
			name = Debug;
		};
		FEFB72B92C469D73006552C1 /* Release */ = {
			isa = XCBuildConfiguration;
			buildSettings = {
				ASSETCATALOG_COMPILER_APPICON_NAME = AppIcon;
				ASSETCATALOG_COMPILER_GLOBAL_ACCENT_COLOR_NAME = AccentColor;
				CODE_SIGN_STYLE = Automatic;
				CURRENT_PROJECT_VERSION = 1;
				DEVELOPMENT_TEAM = 84HMKC95WY;
				GENERATE_INFOPLIST_FILE = YES;
				INFOPLIST_FILE = Phenomenon/Info.plist;
				INFOPLIST_KEY_UIApplicationSupportsIndirectInputEvents = YES;
				INFOPLIST_KEY_UILaunchStoryboardName = LaunchScreen;
				INFOPLIST_KEY_UISupportedInterfaceOrientations_iPad = "UIInterfaceOrientationPortrait UIInterfaceOrientationPortraitUpsideDown UIInterfaceOrientationLandscapeLeft UIInterfaceOrientationLandscapeRight";
				INFOPLIST_KEY_UISupportedInterfaceOrientations_iPhone = "UIInterfaceOrientationPortrait UIInterfaceOrientationLandscapeLeft UIInterfaceOrientationLandscapeRight";
				LD_RUNPATH_SEARCH_PATHS = (
					"$(inherited)",
					"@executable_path/Frameworks",
				);
				MARKETING_VERSION = 1.0;
				PRODUCT_BUNDLE_IDENTIFIER = Allison.Phenomenon;
				PRODUCT_NAME = "$(TARGET_NAME)";
				SUPPORTED_PLATFORMS = "iphoneos iphonesimulator";
				SUPPORTS_MACCATALYST = NO;
				SUPPORTS_MAC_DESIGNED_FOR_IPHONE_IPAD = NO;
				SUPPORTS_XR_DESIGNED_FOR_IPHONE_IPAD = NO;
				SWIFT_EMIT_LOC_STRINGS = YES;
				SWIFT_VERSION = 5.0;
				TARGETED_DEVICE_FAMILY = 1;
			};
			name = Release;
		};
/* End XCBuildConfiguration section */

/* Begin XCConfigurationList section */
		FEFB729E2C469D71006552C1 /* Build configuration list for PBXProject "Phenomenon" */ = {
			isa = XCConfigurationList;
			buildConfigurations = (
				FEFB72B52C469D73006552C1 /* Debug */,
				FEFB72B62C469D73006552C1 /* Release */,
			);
			defaultConfigurationIsVisible = 0;
			defaultConfigurationName = Release;
		};
		FEFB72B72C469D73006552C1 /* Build configuration list for PBXNativeTarget "Phenomenon" */ = {
			isa = XCConfigurationList;
			buildConfigurations = (
				FEFB72B82C469D73006552C1 /* Debug */,
				FEFB72B92C469D73006552C1 /* Release */,
			);
			defaultConfigurationIsVisible = 0;
			defaultConfigurationName = Release;
		};
/* End XCConfigurationList section */
	};
	rootObject = FEFB729B2C469D71006552C1 /* Project object */;
}
